// !$*UTF8*$!
{
	archiveVersion = 1;
	classes = {
	};
	objectVersion = 55;
	objects = {

/* Begin PBXBuildFile section */
		291FD4E9289B0DE9006FFB5B /* MapView.swift in Sources */ = {isa = PBXBuildFile; fileRef = 291FD4E8289B0DE9006FFB5B /* MapView.swift */; };
		291FD4EB289B3ECA006FFB5B /* TrainerView.swift in Sources */ = {isa = PBXBuildFile; fileRef = 291FD4EA289B3ECA006FFB5B /* TrainerView.swift */; };
		291FD4ED289C3C9C006FFB5B /* FavoriteListView.swift in Sources */ = {isa = PBXBuildFile; fileRef = 291FD4EC289C3C9C006FFB5B /* FavoriteListView.swift */; };
		291FD4EF289C4E9E006FFB5B /* FavoritePokemon.swift in Sources */ = {isa = PBXBuildFile; fileRef = 291FD4EE289C4E9E006FFB5B /* FavoritePokemon.swift */; };
		291FD4F1289C6720006FFB5B /* City.swift in Sources */ = {isa = PBXBuildFile; fileRef = 291FD4F0289C6720006FFB5B /* City.swift */; };
		292998C6289917B6006C7131 /* PokemonViewModel.swift in Sources */ = {isa = PBXBuildFile; fileRef = 292998C5289917B6006C7131 /* PokemonViewModel.swift */; };
		292998C9289926B2006C7131 /* Kingfisher in Frameworks */ = {isa = PBXBuildFile; productRef = 292998C8289926B2006C7131 /* Kingfisher */; };
		297FE5652895AEC7008EC267 /* PokedexApp.swift in Sources */ = {isa = PBXBuildFile; fileRef = 297FE5642895AEC7008EC267 /* PokedexApp.swift */; };
		297FE5692895AECC008EC267 /* Assets.xcassets in Resources */ = {isa = PBXBuildFile; fileRef = 297FE5682895AECC008EC267 /* Assets.xcassets */; };
		297FE56C2895AECC008EC267 /* Preview Assets.xcassets in Resources */ = {isa = PBXBuildFile; fileRef = 297FE56B2895AECC008EC267 /* Preview Assets.xcassets */; };
		297FE5762895AECC008EC267 /* PokedexTests.swift in Sources */ = {isa = PBXBuildFile; fileRef = 297FE5752895AECC008EC267 /* PokedexTests.swift */; };
		297FE5802895AECC008EC267 /* PokedexUITests.swift in Sources */ = {isa = PBXBuildFile; fileRef = 297FE57F2895AECC008EC267 /* PokedexUITests.swift */; };
		297FE5822895AECC008EC267 /* PokedexUITestsLaunchTests.swift in Sources */ = {isa = PBXBuildFile; fileRef = 297FE5812895AECC008EC267 /* PokedexUITestsLaunchTests.swift */; };
		297FE5922895B013008EC267 /* PokemonCard.swift in Sources */ = {isa = PBXBuildFile; fileRef = 297FE5912895B013008EC267 /* PokemonCard.swift */; };
		297FE5982895B832008EC267 /* PokedexView.swift in Sources */ = {isa = PBXBuildFile; fileRef = 297FE5972895B832008EC267 /* PokedexView.swift */; };
		297FE59A2895BDE9008EC267 /* Pokemon.swift in Sources */ = {isa = PBXBuildFile; fileRef = 297FE5992895BDE9008EC267 /* Pokemon.swift */; };
		297FE59C2895C4BB008EC267 /* PokemonView.swift in Sources */ = {isa = PBXBuildFile; fileRef = 297FE59B2895C4BB008EC267 /* PokemonView.swift */; };
		9A242EEB2BFD103600972D5C /* Service.swift in Sources */ = {isa = PBXBuildFile; fileRef = 9A242EEA2BFD103600972D5C /* Service.swift */; };
		9A4B26212BFF917C00BC40E1 /* pokemon.json in Resources */ = {isa = PBXBuildFile; fileRef = 9A4B26202BFF917C00BC40E1 /* pokemon.json */; };
		9A4B26222BFFA0A400BC40E1 /* Pokemon.swift in Sources */ = {isa = PBXBuildFile; fileRef = 297FE5992895BDE9008EC267 /* Pokemon.swift */; };
		9A4B26282BFFD15700BC40E1 /* MockService.swift in Sources */ = {isa = PBXBuildFile; fileRef = 9A4B26262BFFD15700BC40E1 /* MockService.swift */; };
		9A4B26292BFFD99300BC40E1 /* Service.swift in Sources */ = {isa = PBXBuildFile; fileRef = 9A242EEA2BFD103600972D5C /* Service.swift */; };
		9A4B262B2C00F7E400BC40E1 /* BaseServiceProtocol.swift in Sources */ = {isa = PBXBuildFile; fileRef = 9A4B262A2C00F7E400BC40E1 /* BaseServiceProtocol.swift */; };
		9A4B262C2C00F7E400BC40E1 /* BaseServiceProtocol.swift in Sources */ = {isa = PBXBuildFile; fileRef = 9A4B262A2C00F7E400BC40E1 /* BaseServiceProtocol.swift */; };
		9ABF208C2BF7B94A007F8905 /* PokemonList.swift in Sources */ = {isa = PBXBuildFile; fileRef = 9ABF208B2BF7B94A007F8905 /* PokemonList.swift */; };
		9ABF208D2BF7B94A007F8905 /* PokemonList.swift in Sources */ = {isa = PBXBuildFile; fileRef = 9ABF208B2BF7B94A007F8905 /* PokemonList.swift */; };
/* End PBXBuildFile section */

/* Begin PBXContainerItemProxy section */
		297FE5722895AECC008EC267 /* PBXContainerItemProxy */ = {
			isa = PBXContainerItemProxy;
			containerPortal = 297FE5592895AEC7008EC267 /* Project object */;
			proxyType = 1;
			remoteGlobalIDString = 297FE5602895AEC7008EC267;
			remoteInfo = Pokedex;
		};
		297FE57C2895AECC008EC267 /* PBXContainerItemProxy */ = {
			isa = PBXContainerItemProxy;
			containerPortal = 297FE5592895AEC7008EC267 /* Project object */;
			proxyType = 1;
			remoteGlobalIDString = 297FE5602895AEC7008EC267;
			remoteInfo = Pokedex;
		};
/* End PBXContainerItemProxy section */

/* Begin PBXFileReference section */
		291FD4E8289B0DE9006FFB5B /* MapView.swift */ = {isa = PBXFileReference; lastKnownFileType = sourcecode.swift; path = MapView.swift; sourceTree = "<group>"; };
		291FD4EA289B3ECA006FFB5B /* TrainerView.swift */ = {isa = PBXFileReference; lastKnownFileType = sourcecode.swift; path = TrainerView.swift; sourceTree = "<group>"; };
		291FD4EC289C3C9C006FFB5B /* FavoriteListView.swift */ = {isa = PBXFileReference; lastKnownFileType = sourcecode.swift; path = FavoriteListView.swift; sourceTree = "<group>"; };
		291FD4EE289C4E9E006FFB5B /* FavoritePokemon.swift */ = {isa = PBXFileReference; lastKnownFileType = sourcecode.swift; path = FavoritePokemon.swift; sourceTree = "<group>"; };
		291FD4F0289C6720006FFB5B /* City.swift */ = {isa = PBXFileReference; lastKnownFileType = sourcecode.swift; path = City.swift; sourceTree = "<group>"; };
		292998C5289917B6006C7131 /* PokemonViewModel.swift */ = {isa = PBXFileReference; lastKnownFileType = sourcecode.swift; path = PokemonViewModel.swift; sourceTree = "<group>"; };
		297FE5612895AEC7008EC267 /* Pokedex.app */ = {isa = PBXFileReference; explicitFileType = wrapper.application; includeInIndex = 0; path = Pokedex.app; sourceTree = BUILT_PRODUCTS_DIR; };
		297FE5642895AEC7008EC267 /* PokedexApp.swift */ = {isa = PBXFileReference; lastKnownFileType = sourcecode.swift; path = PokedexApp.swift; sourceTree = "<group>"; };
		297FE5682895AECC008EC267 /* Assets.xcassets */ = {isa = PBXFileReference; lastKnownFileType = folder.assetcatalog; path = Assets.xcassets; sourceTree = "<group>"; };
		297FE56B2895AECC008EC267 /* Preview Assets.xcassets */ = {isa = PBXFileReference; lastKnownFileType = folder.assetcatalog; path = "Preview Assets.xcassets"; sourceTree = "<group>"; };
		297FE5712895AECC008EC267 /* PokedexTests.xctest */ = {isa = PBXFileReference; explicitFileType = wrapper.cfbundle; includeInIndex = 0; path = PokedexTests.xctest; sourceTree = BUILT_PRODUCTS_DIR; };
		297FE5752895AECC008EC267 /* PokedexTests.swift */ = {isa = PBXFileReference; lastKnownFileType = sourcecode.swift; path = PokedexTests.swift; sourceTree = "<group>"; };
		297FE57B2895AECC008EC267 /* PokedexUITests.xctest */ = {isa = PBXFileReference; explicitFileType = wrapper.cfbundle; includeInIndex = 0; path = PokedexUITests.xctest; sourceTree = BUILT_PRODUCTS_DIR; };
		297FE57F2895AECC008EC267 /* PokedexUITests.swift */ = {isa = PBXFileReference; lastKnownFileType = sourcecode.swift; path = PokedexUITests.swift; sourceTree = "<group>"; };
		297FE5812895AECC008EC267 /* PokedexUITestsLaunchTests.swift */ = {isa = PBXFileReference; lastKnownFileType = sourcecode.swift; path = PokedexUITestsLaunchTests.swift; sourceTree = "<group>"; };
		297FE5912895B013008EC267 /* PokemonCard.swift */ = {isa = PBXFileReference; lastKnownFileType = sourcecode.swift; path = PokemonCard.swift; sourceTree = "<group>"; };
		297FE5972895B832008EC267 /* PokedexView.swift */ = {isa = PBXFileReference; lastKnownFileType = sourcecode.swift; path = PokedexView.swift; sourceTree = "<group>"; };
		297FE5992895BDE9008EC267 /* Pokemon.swift */ = {isa = PBXFileReference; lastKnownFileType = sourcecode.swift; path = Pokemon.swift; sourceTree = "<group>"; };
		297FE59B2895C4BB008EC267 /* PokemonView.swift */ = {isa = PBXFileReference; lastKnownFileType = sourcecode.swift; path = PokemonView.swift; sourceTree = "<group>"; };
		9A242EEA2BFD103600972D5C /* Service.swift */ = {isa = PBXFileReference; lastKnownFileType = sourcecode.swift; path = Service.swift; sourceTree = "<group>"; };
		9A4B26202BFF917C00BC40E1 /* pokemon.json */ = {isa = PBXFileReference; lastKnownFileType = text.json; path = pokemon.json; sourceTree = "<group>"; };
		9A4B26262BFFD15700BC40E1 /* MockService.swift */ = {isa = PBXFileReference; lastKnownFileType = sourcecode.swift; path = MockService.swift; sourceTree = "<group>"; };
		9A4B262A2C00F7E400BC40E1 /* BaseServiceProtocol.swift */ = {isa = PBXFileReference; lastKnownFileType = sourcecode.swift; path = BaseServiceProtocol.swift; sourceTree = "<group>"; };
		9ABF208B2BF7B94A007F8905 /* PokemonList.swift */ = {isa = PBXFileReference; lastKnownFileType = sourcecode.swift; path = PokemonList.swift; sourceTree = "<group>"; };
/* End PBXFileReference section */

/* Begin PBXFrameworksBuildPhase section */
		297FE55E2895AEC7008EC267 /* Frameworks */ = {
			isa = PBXFrameworksBuildPhase;
			buildActionMask = 2147483647;
			files = (
				292998C9289926B2006C7131 /* Kingfisher in Frameworks */,
			);
			runOnlyForDeploymentPostprocessing = 0;
		};
		297FE56E2895AECC008EC267 /* Frameworks */ = {
			isa = PBXFrameworksBuildPhase;
			buildActionMask = 2147483647;
			files = (
			);
			runOnlyForDeploymentPostprocessing = 0;
		};
		297FE5782895AECC008EC267 /* Frameworks */ = {
			isa = PBXFrameworksBuildPhase;
			buildActionMask = 2147483647;
			files = (
			);
			runOnlyForDeploymentPostprocessing = 0;
		};
/* End PBXFrameworksBuildPhase section */

/* Begin PBXGroup section */
		297FE5582895AEC7008EC267 = {
			isa = PBXGroup;
			children = (
				297FE5632895AEC7008EC267 /* Pokedex */,
				297FE5742895AECC008EC267 /* PokedexTests */,
				297FE57E2895AECC008EC267 /* PokedexUITests */,
				297FE5622895AEC7008EC267 /* Products */,
			);
			sourceTree = "<group>";
		};
		297FE5622895AEC7008EC267 /* Products */ = {
			isa = PBXGroup;
			children = (
				297FE5612895AEC7008EC267 /* Pokedex.app */,
				297FE5712895AECC008EC267 /* PokedexTests.xctest */,
				297FE57B2895AECC008EC267 /* PokedexUITests.xctest */,
			);
			name = Products;
			sourceTree = "<group>";
		};
		297FE5632895AEC7008EC267 /* Pokedex */ = {
			isa = PBXGroup;
			children = (
				9A242EE92BFD101800972D5C /* Service */,
				297FE58E2895AFC1008EC267 /* Model */,
				297FE58F2895AFC5008EC267 /* View */,
				297FE5642895AEC7008EC267 /* PokedexApp.swift */,
				297FE5902895AFD1008EC267 /* ViewModel */,
				297FE5682895AECC008EC267 /* Assets.xcassets */,
				297FE56A2895AECC008EC267 /* Preview Content */,
				9A4B262A2C00F7E400BC40E1 /* BaseServiceProtocol.swift */,
			);
			path = Pokedex;
			sourceTree = "<group>";
		};
		297FE56A2895AECC008EC267 /* Preview Content */ = {
			isa = PBXGroup;
			children = (
				297FE56B2895AECC008EC267 /* Preview Assets.xcassets */,
			);
			path = "Preview Content";
			sourceTree = "<group>";
		};
		297FE5742895AECC008EC267 /* PokedexTests */ = {
			isa = PBXGroup;
			children = (
				9A4B26262BFFD15700BC40E1 /* MockService.swift */,
				297FE5752895AECC008EC267 /* PokedexTests.swift */,
				9A4B26202BFF917C00BC40E1 /* pokemon.json */,
			);
			path = PokedexTests;
			sourceTree = "<group>";
		};
		297FE57E2895AECC008EC267 /* PokedexUITests */ = {
			isa = PBXGroup;
			children = (
				297FE57F2895AECC008EC267 /* PokedexUITests.swift */,
				297FE5812895AECC008EC267 /* PokedexUITestsLaunchTests.swift */,
			);
			path = PokedexUITests;
			sourceTree = "<group>";
		};
		297FE58E2895AFC1008EC267 /* Model */ = {
			isa = PBXGroup;
			children = (
				291FD4F0289C6720006FFB5B /* City.swift */,
				297FE5992895BDE9008EC267 /* Pokemon.swift */,
				9ABF208B2BF7B94A007F8905 /* PokemonList.swift */,
			);
			path = Model;
			sourceTree = "<group>";
		};
		297FE58F2895AFC5008EC267 /* View */ = {
			isa = PBXGroup;
			children = (
				297FE5912895B013008EC267 /* PokemonCard.swift */,
				297FE5972895B832008EC267 /* PokedexView.swift */,
				297FE59B2895C4BB008EC267 /* PokemonView.swift */,
				291FD4E8289B0DE9006FFB5B /* MapView.swift */,
				291FD4EC289C3C9C006FFB5B /* FavoriteListView.swift */,
				291FD4EA289B3ECA006FFB5B /* TrainerView.swift */,
			);
			path = View;
			sourceTree = "<group>";
		};
		297FE5902895AFD1008EC267 /* ViewModel */ = {
			isa = PBXGroup;
			children = (
				292998C5289917B6006C7131 /* PokemonViewModel.swift */,
				291FD4EE289C4E9E006FFB5B /* FavoritePokemon.swift */,
			);
			path = ViewModel;
			sourceTree = "<group>";
		};
		9A242EE92BFD101800972D5C /* Service */ = {
			isa = PBXGroup;
			children = (
				9A242EEA2BFD103600972D5C /* Service.swift */,
			);
			path = Service;
			sourceTree = "<group>";
		};
/* End PBXGroup section */

/* Begin PBXNativeTarget section */
		297FE5602895AEC7008EC267 /* Pokedex */ = {
			isa = PBXNativeTarget;
			buildConfigurationList = 297FE5852895AECC008EC267 /* Build configuration list for PBXNativeTarget "Pokedex" */;
			buildPhases = (
				297FE55D2895AEC7008EC267 /* Sources */,
				297FE55E2895AEC7008EC267 /* Frameworks */,
				297FE55F2895AEC7008EC267 /* Resources */,
			);
			buildRules = (
			);
			dependencies = (
			);
			name = Pokedex;
			packageProductDependencies = (
				292998C8289926B2006C7131 /* Kingfisher */,
			);
			productName = Pokedex;
			productReference = 297FE5612895AEC7008EC267 /* Pokedex.app */;
			productType = "com.apple.product-type.application";
		};
		297FE5702895AECC008EC267 /* PokedexTests */ = {
			isa = PBXNativeTarget;
			buildConfigurationList = 297FE5882895AECC008EC267 /* Build configuration list for PBXNativeTarget "PokedexTests" */;
			buildPhases = (
				297FE56D2895AECC008EC267 /* Sources */,
				297FE56E2895AECC008EC267 /* Frameworks */,
				297FE56F2895AECC008EC267 /* Resources */,
			);
			buildRules = (
			);
			dependencies = (
				297FE5732895AECC008EC267 /* PBXTargetDependency */,
			);
			name = PokedexTests;
			productName = PokedexTests;
			productReference = 297FE5712895AECC008EC267 /* PokedexTests.xctest */;
			productType = "com.apple.product-type.bundle.unit-test";
		};
		297FE57A2895AECC008EC267 /* PokedexUITests */ = {
			isa = PBXNativeTarget;
			buildConfigurationList = 297FE58B2895AECC008EC267 /* Build configuration list for PBXNativeTarget "PokedexUITests" */;
			buildPhases = (
				297FE5772895AECC008EC267 /* Sources */,
				297FE5782895AECC008EC267 /* Frameworks */,
				297FE5792895AECC008EC267 /* Resources */,
			);
			buildRules = (
			);
			dependencies = (
				297FE57D2895AECC008EC267 /* PBXTargetDependency */,
			);
			name = PokedexUITests;
			productName = PokedexUITests;
			productReference = 297FE57B2895AECC008EC267 /* PokedexUITests.xctest */;
			productType = "com.apple.product-type.bundle.ui-testing";
		};
/* End PBXNativeTarget section */

/* Begin PBXProject section */
		297FE5592895AEC7008EC267 /* Project object */ = {
			isa = PBXProject;
			attributes = {
				BuildIndependentTargetsInParallel = 1;
				LastSwiftUpdateCheck = 1340;
				LastUpgradeCheck = 1340;
				TargetAttributes = {
					297FE5602895AEC7008EC267 = {
						CreatedOnToolsVersion = 13.4.1;
					};
					297FE5702895AECC008EC267 = {
						CreatedOnToolsVersion = 13.4.1;
						TestTargetID = 297FE5602895AEC7008EC267;
					};
					297FE57A2895AECC008EC267 = {
						CreatedOnToolsVersion = 13.4.1;
						TestTargetID = 297FE5602895AEC7008EC267;
					};
				};
			};
			buildConfigurationList = 297FE55C2895AEC7008EC267 /* Build configuration list for PBXProject "Pokedex" */;
			compatibilityVersion = "Xcode 13.0";
			developmentRegion = en;
			hasScannedForEncodings = 0;
			knownRegions = (
				en,
				Base,
			);
			mainGroup = 297FE5582895AEC7008EC267;
			packageReferences = (
				292998C7289926B2006C7131 /* XCRemoteSwiftPackageReference "Kingfisher" */,
			);
			productRefGroup = 297FE5622895AEC7008EC267 /* Products */;
			projectDirPath = "";
			projectRoot = "";
			targets = (
				297FE5602895AEC7008EC267 /* Pokedex */,
				297FE5702895AECC008EC267 /* PokedexTests */,
				297FE57A2895AECC008EC267 /* PokedexUITests */,
			);
		};
/* End PBXProject section */

/* Begin PBXResourcesBuildPhase section */
		297FE55F2895AEC7008EC267 /* Resources */ = {
			isa = PBXResourcesBuildPhase;
			buildActionMask = 2147483647;
			files = (
				297FE56C2895AECC008EC267 /* Preview Assets.xcassets in Resources */,
				297FE5692895AECC008EC267 /* Assets.xcassets in Resources */,
			);
			runOnlyForDeploymentPostprocessing = 0;
		};
		297FE56F2895AECC008EC267 /* Resources */ = {
			isa = PBXResourcesBuildPhase;
			buildActionMask = 2147483647;
			files = (
				9A4B26212BFF917C00BC40E1 /* pokemon.json in Resources */,
			);
			runOnlyForDeploymentPostprocessing = 0;
		};
		297FE5792895AECC008EC267 /* Resources */ = {
			isa = PBXResourcesBuildPhase;
			buildActionMask = 2147483647;
			files = (
			);
			runOnlyForDeploymentPostprocessing = 0;
		};
/* End PBXResourcesBuildPhase section */

/* Begin PBXSourcesBuildPhase section */
		297FE55D2895AEC7008EC267 /* Sources */ = {
			isa = PBXSourcesBuildPhase;
			buildActionMask = 2147483647;
			files = (
				291FD4E9289B0DE9006FFB5B /* MapView.swift in Sources */,
				9A242EEB2BFD103600972D5C /* Service.swift in Sources */,
				291FD4EF289C4E9E006FFB5B /* FavoritePokemon.swift in Sources */,
				9A4B262B2C00F7E400BC40E1 /* BaseServiceProtocol.swift in Sources */,
				297FE59C2895C4BB008EC267 /* PokemonView.swift in Sources */,
				291FD4ED289C3C9C006FFB5B /* FavoriteListView.swift in Sources */,
				297FE59A2895BDE9008EC267 /* Pokemon.swift in Sources */,
				9ABF208C2BF7B94A007F8905 /* PokemonList.swift in Sources */,
				292998C6289917B6006C7131 /* PokemonViewModel.swift in Sources */,
				297FE5922895B013008EC267 /* PokemonCard.swift in Sources */,
				291FD4F1289C6720006FFB5B /* City.swift in Sources */,
				291FD4EB289B3ECA006FFB5B /* TrainerView.swift in Sources */,
				297FE5652895AEC7008EC267 /* PokedexApp.swift in Sources */,
				297FE5982895B832008EC267 /* PokedexView.swift in Sources */,
			);
			runOnlyForDeploymentPostprocessing = 0;
		};
		297FE56D2895AECC008EC267 /* Sources */ = {
			isa = PBXSourcesBuildPhase;
			buildActionMask = 2147483647;
			files = (
				9A4B262C2C00F7E400BC40E1 /* BaseServiceProtocol.swift in Sources */,
				297FE5762895AECC008EC267 /* PokedexTests.swift in Sources */,
				9ABF208D2BF7B94A007F8905 /* PokemonList.swift in Sources */,
				9A4B26292BFFD99300BC40E1 /* Service.swift in Sources */,
				9A4B26222BFFA0A400BC40E1 /* Pokemon.swift in Sources */,
				9A4B26282BFFD15700BC40E1 /* MockService.swift in Sources */,
			);
			runOnlyForDeploymentPostprocessing = 0;
		};
		297FE5772895AECC008EC267 /* Sources */ = {
			isa = PBXSourcesBuildPhase;
			buildActionMask = 2147483647;
			files = (
				297FE5802895AECC008EC267 /* PokedexUITests.swift in Sources */,
				297FE5822895AECC008EC267 /* PokedexUITestsLaunchTests.swift in Sources */,
			);
			runOnlyForDeploymentPostprocessing = 0;
		};
/* End PBXSourcesBuildPhase section */

/* Begin PBXTargetDependency section */
		297FE5732895AECC008EC267 /* PBXTargetDependency */ = {
			isa = PBXTargetDependency;
			target = 297FE5602895AEC7008EC267 /* Pokedex */;
			targetProxy = 297FE5722895AECC008EC267 /* PBXContainerItemProxy */;
		};
		297FE57D2895AECC008EC267 /* PBXTargetDependency */ = {
			isa = PBXTargetDependency;
			target = 297FE5602895AEC7008EC267 /* Pokedex */;
			targetProxy = 297FE57C2895AECC008EC267 /* PBXContainerItemProxy */;
		};
/* End PBXTargetDependency section */

/* Begin XCBuildConfiguration section */
		297FE5832895AECC008EC267 /* Debug */ = {
			isa = XCBuildConfiguration;
			buildSettings = {
				ALWAYS_SEARCH_USER_PATHS = NO;
				CLANG_ANALYZER_NONNULL = YES;
				CLANG_ANALYZER_NUMBER_OBJECT_CONVERSION = YES_AGGRESSIVE;
				CLANG_CXX_LANGUAGE_STANDARD = "gnu++17";
				CLANG_ENABLE_MODULES = YES;
				CLANG_ENABLE_OBJC_ARC = YES;
				CLANG_ENABLE_OBJC_WEAK = YES;
				CLANG_WARN_BLOCK_CAPTURE_AUTORELEASING = YES;
				CLANG_WARN_BOOL_CONVERSION = YES;
				CLANG_WARN_COMMA = YES;
				CLANG_WARN_CONSTANT_CONVERSION = YES;
				CLANG_WARN_DEPRECATED_OBJC_IMPLEMENTATIONS = YES;
				CLANG_WARN_DIRECT_OBJC_ISA_USAGE = YES_ERROR;
				CLANG_WARN_DOCUMENTATION_COMMENTS = YES;
				CLANG_WARN_EMPTY_BODY = YES;
				CLANG_WARN_ENUM_CONVERSION = YES;
				CLANG_WARN_INFINITE_RECURSION = YES;
				CLANG_WARN_INT_CONVERSION = YES;
				CLANG_WARN_NON_LITERAL_NULL_CONVERSION = YES;
				CLANG_WARN_OBJC_IMPLICIT_RETAIN_SELF = YES;
				CLANG_WARN_OBJC_LITERAL_CONVERSION = YES;
				CLANG_WARN_OBJC_ROOT_CLASS = YES_ERROR;
				CLANG_WARN_QUOTED_INCLUDE_IN_FRAMEWORK_HEADER = YES;
				CLANG_WARN_RANGE_LOOP_ANALYSIS = YES;
				CLANG_WARN_STRICT_PROTOTYPES = YES;
				CLANG_WARN_SUSPICIOUS_MOVE = YES;
				CLANG_WARN_UNGUARDED_AVAILABILITY = YES_AGGRESSIVE;
				CLANG_WARN_UNREACHABLE_CODE = YES;
				CLANG_WARN__DUPLICATE_METHOD_MATCH = YES;
				COPY_PHASE_STRIP = NO;
				DEBUG_INFORMATION_FORMAT = dwarf;
				ENABLE_STRICT_OBJC_MSGSEND = YES;
				ENABLE_TESTABILITY = YES;
				GCC_C_LANGUAGE_STANDARD = gnu11;
				GCC_DYNAMIC_NO_PIC = NO;
				GCC_NO_COMMON_BLOCKS = YES;
				GCC_OPTIMIZATION_LEVEL = 0;
				GCC_PREPROCESSOR_DEFINITIONS = (
					"DEBUG=1",
					"$(inherited)",
				);
				GCC_WARN_64_TO_32_BIT_CONVERSION = YES;
				GCC_WARN_ABOUT_RETURN_TYPE = YES_ERROR;
				GCC_WARN_UNDECLARED_SELECTOR = YES;
				GCC_WARN_UNINITIALIZED_AUTOS = YES_AGGRESSIVE;
				GCC_WARN_UNUSED_FUNCTION = YES;
				GCC_WARN_UNUSED_VARIABLE = YES;
				IPHONEOS_DEPLOYMENT_TARGET = 15.5;
				MTL_ENABLE_DEBUG_INFO = INCLUDE_SOURCE;
				MTL_FAST_MATH = YES;
				ONLY_ACTIVE_ARCH = YES;
				SDKROOT = iphoneos;
				SWIFT_ACTIVE_COMPILATION_CONDITIONS = DEBUG;
				SWIFT_OPTIMIZATION_LEVEL = "-Onone";
			};
			name = Debug;
		};
		297FE5842895AECC008EC267 /* Release */ = {
			isa = XCBuildConfiguration;
			buildSettings = {
				ALWAYS_SEARCH_USER_PATHS = NO;
				CLANG_ANALYZER_NONNULL = YES;
				CLANG_ANALYZER_NUMBER_OBJECT_CONVERSION = YES_AGGRESSIVE;
				CLANG_CXX_LANGUAGE_STANDARD = "gnu++17";
				CLANG_ENABLE_MODULES = YES;
				CLANG_ENABLE_OBJC_ARC = YES;
				CLANG_ENABLE_OBJC_WEAK = YES;
				CLANG_WARN_BLOCK_CAPTURE_AUTORELEASING = YES;
				CLANG_WARN_BOOL_CONVERSION = YES;
				CLANG_WARN_COMMA = YES;
				CLANG_WARN_CONSTANT_CONVERSION = YES;
				CLANG_WARN_DEPRECATED_OBJC_IMPLEMENTATIONS = YES;
				CLANG_WARN_DIRECT_OBJC_ISA_USAGE = YES_ERROR;
				CLANG_WARN_DOCUMENTATION_COMMENTS = YES;
				CLANG_WARN_EMPTY_BODY = YES;
				CLANG_WARN_ENUM_CONVERSION = YES;
				CLANG_WARN_INFINITE_RECURSION = YES;
				CLANG_WARN_INT_CONVERSION = YES;
				CLANG_WARN_NON_LITERAL_NULL_CONVERSION = YES;
				CLANG_WARN_OBJC_IMPLICIT_RETAIN_SELF = YES;
				CLANG_WARN_OBJC_LITERAL_CONVERSION = YES;
				CLANG_WARN_OBJC_ROOT_CLASS = YES_ERROR;
				CLANG_WARN_QUOTED_INCLUDE_IN_FRAMEWORK_HEADER = YES;
				CLANG_WARN_RANGE_LOOP_ANALYSIS = YES;
				CLANG_WARN_STRICT_PROTOTYPES = YES;
				CLANG_WARN_SUSPICIOUS_MOVE = YES;
				CLANG_WARN_UNGUARDED_AVAILABILITY = YES_AGGRESSIVE;
				CLANG_WARN_UNREACHABLE_CODE = YES;
				CLANG_WARN__DUPLICATE_METHOD_MATCH = YES;
				COPY_PHASE_STRIP = NO;
				DEBUG_INFORMATION_FORMAT = "dwarf-with-dsym";
				ENABLE_NS_ASSERTIONS = NO;
				ENABLE_STRICT_OBJC_MSGSEND = YES;
				GCC_C_LANGUAGE_STANDARD = gnu11;
				GCC_NO_COMMON_BLOCKS = YES;
				GCC_WARN_64_TO_32_BIT_CONVERSION = YES;
				GCC_WARN_ABOUT_RETURN_TYPE = YES_ERROR;
				GCC_WARN_UNDECLARED_SELECTOR = YES;
				GCC_WARN_UNINITIALIZED_AUTOS = YES_AGGRESSIVE;
				GCC_WARN_UNUSED_FUNCTION = YES;
				GCC_WARN_UNUSED_VARIABLE = YES;
				IPHONEOS_DEPLOYMENT_TARGET = 15.5;
				MTL_ENABLE_DEBUG_INFO = NO;
				MTL_FAST_MATH = YES;
				SDKROOT = iphoneos;
				SWIFT_COMPILATION_MODE = wholemodule;
				SWIFT_OPTIMIZATION_LEVEL = "-O";
				VALIDATE_PRODUCT = YES;
			};
			name = Release;
		};
		297FE5862895AECC008EC267 /* Debug */ = {
			isa = XCBuildConfiguration;
			buildSettings = {
				ASSETCATALOG_COMPILER_APPICON_NAME = AppIcon;
				ASSETCATALOG_COMPILER_GLOBAL_ACCENT_COLOR_NAME = AccentColor;
				CODE_SIGN_STYLE = Automatic;
				CURRENT_PROJECT_VERSION = 1;
				DEVELOPMENT_ASSET_PATHS = "\"Pokedex/Preview Content\"";
				DEVELOPMENT_TEAM = ZAEH3W8A58;
				ENABLE_PREVIEWS = YES;
				GENERATE_INFOPLIST_FILE = YES;
				INFOPLIST_KEY_UIApplicationSceneManifest_Generation = YES;
				INFOPLIST_KEY_UIApplicationSupportsIndirectInputEvents = YES;
				INFOPLIST_KEY_UILaunchScreen_Generation = YES;
				INFOPLIST_KEY_UISupportedInterfaceOrientations_iPad = "UIInterfaceOrientationPortrait UIInterfaceOrientationPortraitUpsideDown UIInterfaceOrientationLandscapeLeft UIInterfaceOrientationLandscapeRight";
				INFOPLIST_KEY_UISupportedInterfaceOrientations_iPhone = "UIInterfaceOrientationPortrait UIInterfaceOrientationLandscapeLeft UIInterfaceOrientationLandscapeRight";
				LD_RUNPATH_SEARCH_PATHS = (
					"$(inherited)",
					"@executable_path/Frameworks",
				);
				MARKETING_VERSION = 1.0;
				PRODUCT_BUNDLE_IDENTIFIER = com.hoangdesu.Pokedex;
				PRODUCT_NAME = "$(TARGET_NAME)";
				SWIFT_EMIT_LOC_STRINGS = YES;
				SWIFT_VERSION = 5.0;
				TARGETED_DEVICE_FAMILY = "1,2";
			};
			name = Debug;
		};
		297FE5872895AECC008EC267 /* Release */ = {
			isa = XCBuildConfiguration;
			buildSettings = {
				ASSETCATALOG_COMPILER_APPICON_NAME = AppIcon;
				ASSETCATALOG_COMPILER_GLOBAL_ACCENT_COLOR_NAME = AccentColor;
				CODE_SIGN_STYLE = Automatic;
				CURRENT_PROJECT_VERSION = 1;
				DEVELOPMENT_ASSET_PATHS = "\"Pokedex/Preview Content\"";
				DEVELOPMENT_TEAM = ZAEH3W8A58;
				ENABLE_PREVIEWS = YES;
				GENERATE_INFOPLIST_FILE = YES;
				INFOPLIST_KEY_UIApplicationSceneManifest_Generation = YES;
				INFOPLIST_KEY_UIApplicationSupportsIndirectInputEvents = YES;
				INFOPLIST_KEY_UILaunchScreen_Generation = YES;
				INFOPLIST_KEY_UISupportedInterfaceOrientations_iPad = "UIInterfaceOrientationPortrait UIInterfaceOrientationPortraitUpsideDown UIInterfaceOrientationLandscapeLeft UIInterfaceOrientationLandscapeRight";
				INFOPLIST_KEY_UISupportedInterfaceOrientations_iPhone = "UIInterfaceOrientationPortrait UIInterfaceOrientationLandscapeLeft UIInterfaceOrientationLandscapeRight";
				LD_RUNPATH_SEARCH_PATHS = (
					"$(inherited)",
					"@executable_path/Frameworks",
				);
				MARKETING_VERSION = 1.0;
				PRODUCT_BUNDLE_IDENTIFIER = com.hoangdesu.Pokedex;
				PRODUCT_NAME = "$(TARGET_NAME)";
				SWIFT_EMIT_LOC_STRINGS = YES;
				SWIFT_VERSION = 5.0;
				TARGETED_DEVICE_FAMILY = "1,2";
			};
			name = Release;
		};
		297FE5892895AECC008EC267 /* Debug */ = {
			isa = XCBuildConfiguration;
			buildSettings = {
				ALWAYS_EMBED_SWIFT_STANDARD_LIBRARIES = YES;
				BUNDLE_LOADER = "$(TEST_HOST)";
				CODE_SIGN_STYLE = Automatic;
				CURRENT_PROJECT_VERSION = 1;
				DEVELOPMENT_TEAM = ZAEH3W8A58;
				GENERATE_INFOPLIST_FILE = YES;
				IPHONEOS_DEPLOYMENT_TARGET = 15.5;
				MARKETING_VERSION = 1.0;
				PRODUCT_BUNDLE_IDENTIFIER = com.hoangdesu.PokedexTests;
				PRODUCT_NAME = "$(TARGET_NAME)";
				SWIFT_EMIT_LOC_STRINGS = NO;
				SWIFT_VERSION = 5.0;
				TARGETED_DEVICE_FAMILY = "1,2";
				TEST_HOST = "$(BUILT_PRODUCTS_DIR)/Pokedex.app/Pokedex";
			};
			name = Debug;
		};
		297FE58A2895AECC008EC267 /* Release */ = {
			isa = XCBuildConfiguration;
			buildSettings = {
				ALWAYS_EMBED_SWIFT_STANDARD_LIBRARIES = YES;
				BUNDLE_LOADER = "$(TEST_HOST)";
				CODE_SIGN_STYLE = Automatic;
				CURRENT_PROJECT_VERSION = 1;
				DEVELOPMENT_TEAM = ZAEH3W8A58;
				GENERATE_INFOPLIST_FILE = YES;
				IPHONEOS_DEPLOYMENT_TARGET = 15.5;
				MARKETING_VERSION = 1.0;
				PRODUCT_BUNDLE_IDENTIFIER = com.hoangdesu.PokedexTests;
				PRODUCT_NAME = "$(TARGET_NAME)";
				SWIFT_EMIT_LOC_STRINGS = NO;
				SWIFT_VERSION = 5.0;
				TARGETED_DEVICE_FAMILY = "1,2";
				TEST_HOST = "$(BUILT_PRODUCTS_DIR)/Pokedex.app/Pokedex";
			};
			name = Release;
		};
		297FE58C2895AECC008EC267 /* Debug */ = {
			isa = XCBuildConfiguration;
			buildSettings = {
				ALWAYS_EMBED_SWIFT_STANDARD_LIBRARIES = YES;
				CODE_SIGN_STYLE = Automatic;
				CURRENT_PROJECT_VERSION = 1;
				DEVELOPMENT_TEAM = ZAEH3W8A58;
				GENERATE_INFOPLIST_FILE = YES;
				MARKETING_VERSION = 1.0;
				PRODUCT_BUNDLE_IDENTIFIER = com.hoangdesu.PokedexUITests;
				PRODUCT_NAME = "$(TARGET_NAME)";
				SWIFT_EMIT_LOC_STRINGS = NO;
				SWIFT_VERSION = 5.0;
				TARGETED_DEVICE_FAMILY = "1,2";
				TEST_TARGET_NAME = Pokedex;
			};
			name = Debug;
		};
		297FE58D2895AECC008EC267 /* Release */ = {
			isa = XCBuildConfiguration;
			buildSettings = {
				ALWAYS_EMBED_SWIFT_STANDARD_LIBRARIES = YES;
				CODE_SIGN_STYLE = Automatic;
				CURRENT_PROJECT_VERSION = 1;
				DEVELOPMENT_TEAM = ZAEH3W8A58;
				GENERATE_INFOPLIST_FILE = YES;
				MARKETING_VERSION = 1.0;
				PRODUCT_BUNDLE_IDENTIFIER = com.hoangdesu.PokedexUITests;
				PRODUCT_NAME = "$(TARGET_NAME)";
				SWIFT_EMIT_LOC_STRINGS = NO;
				SWIFT_VERSION = 5.0;
				TARGETED_DEVICE_FAMILY = "1,2";
				TEST_TARGET_NAME = Pokedex;
			};
			name = Release;
		};
/* End XCBuildConfiguration section */

/* Begin XCConfigurationList section */
		297FE55C2895AEC7008EC267 /* Build configuration list for PBXProject "Pokedex" */ = {
			isa = XCConfigurationList;
			buildConfigurations = (
				297FE5832895AECC008EC267 /* Debug */,
				297FE5842895AECC008EC267 /* Release */,
			);
			defaultConfigurationIsVisible = 0;
			defaultConfigurationName = Release;
		};
		297FE5852895AECC008EC267 /* Build configuration list for PBXNativeTarget "Pokedex" */ = {
			isa = XCConfigurationList;
			buildConfigurations = (
				297FE5862895AECC008EC267 /* Debug */,
				297FE5872895AECC008EC267 /* Release */,
			);
			defaultConfigurationIsVisible = 0;
			defaultConfigurationName = Release;
		};
		297FE5882895AECC008EC267 /* Build configuration list for PBXNativeTarget "PokedexTests" */ = {
			isa = XCConfigurationList;
			buildConfigurations = (
				297FE5892895AECC008EC267 /* Debug */,
				297FE58A2895AECC008EC267 /* Release */,
			);
			defaultConfigurationIsVisible = 0;
			defaultConfigurationName = Release;
		};
		297FE58B2895AECC008EC267 /* Build configuration list for PBXNativeTarget "PokedexUITests" */ = {
			isa = XCConfigurationList;
			buildConfigurations = (
				297FE58C2895AECC008EC267 /* Debug */,
				297FE58D2895AECC008EC267 /* Release */,
			);
			defaultConfigurationIsVisible = 0;
			defaultConfigurationName = Release;
		};
/* End XCConfigurationList section */

/* Begin XCRemoteSwiftPackageReference section */
		292998C7289926B2006C7131 /* XCRemoteSwiftPackageReference "Kingfisher" */ = {
			isa = XCRemoteSwiftPackageReference;
			repositoryURL = "https://github.com/onevcat/Kingfisher";
			requirement = {
				kind = upToNextMajorVersion;
				minimumVersion = 7.0.0;
			};
		};
/* End XCRemoteSwiftPackageReference section */

/* Begin XCSwiftPackageProductDependency section */
		292998C8289926B2006C7131 /* Kingfisher */ = {
			isa = XCSwiftPackageProductDependency;
			package = 292998C7289926B2006C7131 /* XCRemoteSwiftPackageReference "Kingfisher" */;
			productName = Kingfisher;
		};
/* End XCSwiftPackageProductDependency section */
	};
	rootObject = 297FE5592895AEC7008EC267 /* Project object */;
}
